// !$*UTF8*$!
{
	archiveVersion = 1;
	classes = {};
	objectVersion = 77;
	objects = {
		A10000000000000000000001 = {
			isa = PBXProject;
			attributes = {
				BuildIndependentTargetsInParallel = YES;
				LastSwiftUpdateCheck = 2600;
				LastUpgradeCheck = 2600;
				TargetAttributes = {
					A10000000000000000000002 = { CreatedOnToolsVersion = 26.0; };
					A20000000000000000000001 = { CreatedOnToolsVersion = 26.0; TestTargetID = A10000000000000000000002; };
				};
			};
			buildConfigurationList = A10000000000000000000010;
			developmentRegion = "zh-Hans";
			hasScannedForEncodings = 0;
			knownRegions = ("zh-Hans", en, Base);
			mainGroup = A10000000000000000000003;
			minimizedProjectReferenceProxies = 1;
			preferredProjectObjectVersion = 77;
			productRefGroup = A10000000000000000000004;
			projectDirPath = "";
			projectRoot = "";
			targets = (A10000000000000000000002, A20000000000000000000001);
		};
		A10000000000000000000002 = {
			isa = PBXNativeTarget;
			buildConfigurationList = A10000000000000000000011;
			buildPhases = (A10000000000000000000007, A10000000000000000000008, A10000000000000000000009);
			buildRules = ();
			dependencies = ();
			fileSystemSynchronizedGroups = (A10000000000000000000005);
			name = StudyAlarm;
			packageProductDependencies = ();
			productName = StudyAlarm;
			productReference = A10000000000000000000006;
			productType = "com.apple.product-type.application";
		};
		A20000000000000000000001 = {
			isa = PBXNativeTarget;
			buildConfigurationList = A20000000000000000000007;
			buildPhases = (A20000000000000000000004, A20000000000000000000005, A20000000000000000000006);
			buildRules = ();
			dependencies = (A2000000000000000000000B);
			fileSystemSynchronizedGroups = (A20000000000000000000002);
			name = StudyAlarmUITests;
			packageProductDependencies = ();
			productName = StudyAlarmUITests;
			productReference = A20000000000000000000003;
			productType = "com.apple.product-type.bundle.ui-testing";
		};
		A10000000000000000000003 = {
			isa = PBXGroup;
			children = (A10000000000000000000005, A20000000000000000000002, A10000000000000000000004);
			sourceTree = "<group>";
		};
		A10000000000000000000004 = {
			isa = PBXGroup;
			children = (A10000000000000000000006, A20000000000000000000003);
			name = Products;
			sourceTree = "<group>";
		};
		A10000000000000000000005 = {
			isa = PBXFileSystemSynchronizedRootGroup;
			path = StudyAlarm;
			sourceTree = "<group>";
		};
		A10000000000000000000006 = {
			isa = PBXFileReference;
			explicitFileType = wrapper.application;
			includeInIndex = 0;
			path = StudyAlarm.app;
			sourceTree = BUILT_PRODUCTS_DIR;
		};
		A20000000000000000000002 = {
			isa = PBXFileSystemSynchronizedRootGroup;
			path = StudyAlarmUITests;
			sourceTree = "<group>";
		};
		A20000000000000000000003 = {
			isa = PBXFileReference;
			explicitFileType = "wrapper.cfbundle";
			includeInIndex = 0;
			path = StudyAlarmUITests.xctest;
			sourceTree = BUILT_PRODUCTS_DIR;
		};
		A10000000000000000000007 = { isa = PBXSourcesBuildPhase; buildActionMask = 2147483647; files = (); runOnlyForDeploymentPostprocessing = 0; };
		A10000000000000000000008 = { isa = PBXFrameworksBuildPhase; buildActionMask = 2147483647; files = (); runOnlyForDeploymentPostprocessing = 0; };
		A10000000000000000000009 = { isa = PBXResourcesBuildPhase; buildActionMask = 2147483647; files = (); runOnlyForDeploymentPostprocessing = 0; };
		A20000000000000000000004 = { isa = PBXSourcesBuildPhase; buildActionMask = 2147483647; files = (); runOnlyForDeploymentPostprocessing = 0; };
		A20000000000000000000005 = { isa = PBXFrameworksBuildPhase; buildActionMask = 2147483647; files = (); runOnlyForDeploymentPostprocessing = 0; };
		A20000000000000000000006 = { isa = PBXResourcesBuildPhase; buildActionMask = 2147483647; files = (); runOnlyForDeploymentPostprocessing = 0; };
		A2000000000000000000000A = {
			isa = PBXContainerItemProxy;
			containerPortal = A10000000000000000000001;
			proxyType = 1;
			remoteGlobalIDString = A10000000000000000000002;
			remoteInfo = StudyAlarm;
		};
		A2000000000000000000000B = {
			isa = PBXTargetDependency;
			target = A10000000000000000000002;
			targetProxy = A2000000000000000000000A;
		};
		A10000000000000000000010 = {
			isa = XCConfigurationList;
			buildConfigurations = (A10000000000000000000012, A10000000000000000000013);
			defaultConfigurationIsVisible = 0;
			defaultConfigurationName = Release;
		};
		A10000000000000000000011 = {
			isa = XCConfigurationList;
			buildConfigurations = (A10000000000000000000014, A10000000000000000000015);
			defaultConfigurationIsVisible = 0;
			defaultConfigurationName = Release;
		};
		A20000000000000000000007 = {
			isa = XCConfigurationList;
			buildConfigurations = (A20000000000000000000008, A20000000000000000000009);
			defaultConfigurationIsVisible = 0;
			defaultConfigurationName = Release;
		};
		A10000000000000000000012 = {
			isa = XCBuildConfiguration;
			buildSettings = {
				ALWAYS_SEARCH_USER_PATHS = NO;
				CLANG_ENABLE_MODULES = YES;
				CLANG_ENABLE_OBJC_ARC = YES;
				DEBUG_INFORMATION_FORMAT = dwarf;
				ENABLE_TESTABILITY = YES;
				GCC_OPTIMIZATION_LEVEL = 0;
				IPHONEOS_DEPLOYMENT_TARGET = 26.0;
				SDKROOT = iphoneos;
				SWIFT_ACTIVE_COMPILATION_CONDITIONS = "DEBUG $(inherited)";
				SWIFT_OPTIMIZATION_LEVEL = "-Onone";
			};
			name = Debug;
		};
		A10000000000000000000013 = {
			isa = XCBuildConfiguration;
			buildSettings = {
				ALWAYS_SEARCH_USER_PATHS = NO;
				CLANG_ENABLE_MODULES = YES;
				CLANG_ENABLE_OBJC_ARC = YES;
				DEBUG_INFORMATION_FORMAT = "dwarf-with-dsym";
				IPHONEOS_DEPLOYMENT_TARGET = 26.0;
				SDKROOT = iphoneos;
				SWIFT_COMPILATION_MODE = wholemodule;
				SWIFT_OPTIMIZATION_LEVEL = "-O";
				VALIDATE_PRODUCT = YES;
			};
			name = Release;
		};
		A10000000000000000000014 = {
			isa = XCBuildConfiguration;
			buildSettings = {
				CODE_SIGN_STYLE = Automatic;
				CURRENT_PROJECT_VERSION = 1;
				DEVELOPMENT_TEAM = "";
				GENERATE_INFOPLIST_FILE = NO;
				INFOPLIST_FILE = Configuration/Info.plist;
				LD_RUNPATH_SEARCH_PATHS = ("$(inherited)", "@executable_path/Frameworks");
				MARKETING_VERSION = 1.0.0;
				PRODUCT_BUNDLE_IDENTIFIER = com.xzygis.studybuddy.alarm;
				PRODUCT_NAME = "$(TARGET_NAME)";
				SUPPORTED_PLATFORMS = "iphoneos iphonesimulator";
				SUPPORTS_MACCATALYST = NO;
				SUPPORTS_MAC_DESIGNED_FOR_IPHONE_IPAD = NO;
				SWIFT_EMIT_LOC_STRINGS = YES;
				SWIFT_STRICT_CONCURRENCY = complete;
				SWIFT_VERSION = 6.0;
				TARGETED_DEVICE_FAMILY = "1,2";
			};
			name = Debug;
		};
		A10000000000000000000015 = {
			isa = XCBuildConfiguration;
			buildSettings = {
				CODE_SIGN_STYLE = Automatic;
				CURRENT_PROJECT_VERSION = 1;
				DEVELOPMENT_TEAM = "";
				GENERATE_INFOPLIST_FILE = NO;
				INFOPLIST_FILE = Configuration/Info.plist;
				LD_RUNPATH_SEARCH_PATHS = ("$(inherited)", "@executable_path/Frameworks");
				MARKETING_VERSION = 1.0.0;
				PRODUCT_BUNDLE_IDENTIFIER = com.xzygis.studybuddy.alarm;
				PRODUCT_NAME = "$(TARGET_NAME)";
				SUPPORTED_PLATFORMS = "iphoneos iphonesimulator";
				SUPPORTS_MACCATALYST = NO;
				SUPPORTS_MAC_DESIGNED_FOR_IPHONE_IPAD = NO;
				SWIFT_EMIT_LOC_STRINGS = YES;
				SWIFT_STRICT_CONCURRENCY = complete;
				SWIFT_VERSION = 6.0;
				TARGETED_DEVICE_FAMILY = "1,2";
			};
			name = Release;
		};
		A20000000000000000000008 = {
			isa = XCBuildConfiguration;
			buildSettings = {
				CODE_SIGN_STYLE = Automatic;
				CURRENT_PROJECT_VERSION = 1;
				DEVELOPMENT_TEAM = "";
				GENERATE_INFOPLIST_FILE = YES;
				IPHONEOS_DEPLOYMENT_TARGET = 26.0;
				LD_RUNPATH_SEARCH_PATHS = ("$(inherited)", "@executable_path/Frameworks", "@loader_path/Frameworks");
				MARKETING_VERSION = 1.0;
				PRODUCT_BUNDLE_IDENTIFIER = com.xzygis.studybuddy.alarm.uitests;
				PRODUCT_NAME = "$(TARGET_NAME)";
				SUPPORTED_PLATFORMS = "iphoneos iphonesimulator";
				SWIFT_STRICT_CONCURRENCY = complete;
				SWIFT_VERSION = 6.0;
				TARGETED_DEVICE_FAMILY = "1,2";
				TEST_TARGET_NAME = StudyAlarm;
			};
			name = Debug;
		};
		A20000000000000000000009 = {
			isa = XCBuildConfiguration;
			buildSettings = {
				CODE_SIGN_STYLE = Automatic;
				CURRENT_PROJECT_VERSION = 1;
				DEVELOPMENT_TEAM = "";
				GENERATE_INFOPLIST_FILE = YES;
				IPHONEOS_DEPLOYMENT_TARGET = 26.0;
				LD_RUNPATH_SEARCH_PATHS = ("$(inherited)", "@executable_path/Frameworks", "@loader_path/Frameworks");
				MARKETING_VERSION = 1.0;
				PRODUCT_BUNDLE_IDENTIFIER = com.xzygis.studybuddy.alarm.uitests;
				PRODUCT_NAME = "$(TARGET_NAME)";
				SUPPORTED_PLATFORMS = "iphoneos iphonesimulator";
				SWIFT_STRICT_CONCURRENCY = complete;
				SWIFT_VERSION = 6.0;
				TARGETED_DEVICE_FAMILY = "1,2";
				TEST_TARGET_NAME = StudyAlarm;
			};
			name = Release;
		};
	};
	rootObject = A10000000000000000000001;
}
